// !$*UTF8*$!
{
	archiveVersion = 1;
	classes = {
	};
	objectVersion = 46;
	objects = {

/* Begin PBXBuildFile section */
		B1416110C6101B835D3DC84A /* Pods_CodingChallenge.framework in Frameworks */ = {isa = PBXBuildFile; fileRef = 2EC818F22323DE9D7F31283B /* Pods_CodingChallenge.framework */; };
		C9026AFD1E2843B300EFF7C0 /* NotificationHelper.swift in Sources */ = {isa = PBXBuildFile; fileRef = C9026AFC1E2843B300EFF7C0 /* NotificationHelper.swift */; };
		C9026B001E284ADF00EFF7C0 /* ConversionCell.swift in Sources */ = {isa = PBXBuildFile; fileRef = C9026AFF1E284ADF00EFF7C0 /* ConversionCell.swift */; };
		C9026B021E284AE800EFF7C0 /* SelectionCell.swift in Sources */ = {isa = PBXBuildFile; fileRef = C9026B011E284AE800EFF7C0 /* SelectionCell.swift */; };
		C9026B041E28517000EFF7C0 /* CurrencyConverterSelectionTableViewExtension.swift in Sources */ = {isa = PBXBuildFile; fileRef = C9026B031E28517000EFF7C0 /* CurrencyConverterSelectionTableViewExtension.swift */; };
		C919DF911E29502C003688BE /* StringExtension.swift in Sources */ = {isa = PBXBuildFile; fileRef = C919DF901E29502C003688BE /* StringExtension.swift */; };
		C919DF931E29525A003688BE /* ConvertorModel.swift in Sources */ = {isa = PBXBuildFile; fileRef = C919DF921E29525A003688BE /* ConvertorModel.swift */; };
		C9834C701E2813B700F33E95 /* AppDelegate.swift in Sources */ = {isa = PBXBuildFile; fileRef = C9834C6F1E2813B700F33E95 /* AppDelegate.swift */; };
		C9834C721E2813B700F33E95 /* CurrencyConverterSelectionViewController.swift in Sources */ = {isa = PBXBuildFile; fileRef = C9834C711E2813B700F33E95 /* CurrencyConverterSelectionViewController.swift */; };
		C9834C751E2813B700F33E95 /* Main.storyboard in Resources */ = {isa = PBXBuildFile; fileRef = C9834C731E2813B700F33E95 /* Main.storyboard */; };
		C9834C771E2813B700F33E95 /* Assets.xcassets in Resources */ = {isa = PBXBuildFile; fileRef = C9834C761E2813B700F33E95 /* Assets.xcassets */; };
		C9834C7A1E2813B700F33E95 /* LaunchScreen.storyboard in Resources */ = {isa = PBXBuildFile; fileRef = C9834C781E2813B700F33E95 /* LaunchScreen.storyboard */; };
		C9834C9E1E2825CB00F33E95 /* CurrencyConversionSelectionModel.swift in Sources */ = {isa = PBXBuildFile; fileRef = C9834C9D1E2825CB00F33E95 /* CurrencyConversionSelectionModel.swift */; };
		C98C19A51E2862F8005780B6 /* ConvertorViewController.swift in Sources */ = {isa = PBXBuildFile; fileRef = C98C19A41E2862F8005780B6 /* ConvertorViewController.swift */; };
/* End PBXBuildFile section */

/* Begin PBXContainerItemProxy section */
		C9834C811E2813B700F33E95 /* PBXContainerItemProxy */ = {
			isa = PBXContainerItemProxy;
			containerPortal = C9834C641E2813B700F33E95 /* Project object */;
			proxyType = 1;
			remoteGlobalIDString = C9834C6B1E2813B700F33E95;
			remoteInfo = CodingChallenge;
		};
		C9834C8C1E2813B800F33E95 /* PBXContainerItemProxy */ = {
			isa = PBXContainerItemProxy;
			containerPortal = C9834C641E2813B700F33E95 /* Project object */;
			proxyType = 1;
			remoteGlobalIDString = C9834C6B1E2813B700F33E95;
			remoteInfo = CodingChallenge;
		};
/* End PBXContainerItemProxy section */

/* Begin PBXFileReference section */
		2EC818F22323DE9D7F31283B /* Pods_CodingChallenge.framework */ = {isa = PBXFileReference; explicitFileType = wrapper.framework; includeInIndex = 0; path = Pods_CodingChallenge.framework; sourceTree = BUILT_PRODUCTS_DIR; };
		AE430618968018F6473F8B79 /* Pods-CodingChallenge.debug.xcconfig */ = {isa = PBXFileReference; includeInIndex = 1; lastKnownFileType = text.xcconfig; name = "Pods-CodingChallenge.debug.xcconfig"; path = "Pods/Target Support Files/Pods-CodingChallenge/Pods-CodingChallenge.debug.xcconfig"; sourceTree = "<group>"; };
		C9026AFC1E2843B300EFF7C0 /* NotificationHelper.swift */ = {isa = PBXFileReference; fileEncoding = 4; lastKnownFileType = sourcecode.swift; path = NotificationHelper.swift; sourceTree = "<group>"; };
		C9026AFF1E284ADF00EFF7C0 /* ConversionCell.swift */ = {isa = PBXFileReference; fileEncoding = 4; lastKnownFileType = sourcecode.swift; path = ConversionCell.swift; sourceTree = "<group>"; };
		C9026B011E284AE800EFF7C0 /* SelectionCell.swift */ = {isa = PBXFileReference; fileEncoding = 4; lastKnownFileType = sourcecode.swift; path = SelectionCell.swift; sourceTree = "<group>"; };
		C9026B031E28517000EFF7C0 /* CurrencyConverterSelectionTableViewExtension.swift */ = {isa = PBXFileReference; fileEncoding = 4; lastKnownFileType = sourcecode.swift; path = CurrencyConverterSelectionTableViewExtension.swift; sourceTree = "<group>"; };
		C919DF901E29502C003688BE /* StringExtension.swift */ = {isa = PBXFileReference; fileEncoding = 4; lastKnownFileType = sourcecode.swift; path = StringExtension.swift; sourceTree = "<group>"; };
		C919DF921E29525A003688BE /* ConvertorModel.swift */ = {isa = PBXFileReference; fileEncoding = 4; lastKnownFileType = sourcecode.swift; path = ConvertorModel.swift; sourceTree = "<group>"; };
		C9834C6C1E2813B700F33E95 /* CodingChallenge.app */ = {isa = PBXFileReference; explicitFileType = wrapper.application; includeInIndex = 0; path = CodingChallenge.app; sourceTree = BUILT_PRODUCTS_DIR; };
		C9834C6F1E2813B700F33E95 /* AppDelegate.swift */ = {isa = PBXFileReference; lastKnownFileType = sourcecode.swift; path = AppDelegate.swift; sourceTree = "<group>"; };
		C9834C711E2813B700F33E95 /* CurrencyConverterSelectionViewController.swift */ = {isa = PBXFileReference; lastKnownFileType = sourcecode.swift; path = CurrencyConverterSelectionViewController.swift; sourceTree = "<group>"; };
		C9834C741E2813B700F33E95 /* Base */ = {isa = PBXFileReference; lastKnownFileType = file.storyboard; name = Base; path = Base.lproj/Main.storyboard; sourceTree = "<group>"; };
		C9834C761E2813B700F33E95 /* Assets.xcassets */ = {isa = PBXFileReference; lastKnownFileType = folder.assetcatalog; path = Assets.xcassets; sourceTree = "<group>"; };
		C9834C791E2813B700F33E95 /* Base */ = {isa = PBXFileReference; lastKnownFileType = file.storyboard; name = Base; path = Base.lproj/LaunchScreen.storyboard; sourceTree = "<group>"; };
		C9834C7B1E2813B700F33E95 /* Info.plist */ = {isa = PBXFileReference; lastKnownFileType = text.plist.xml; path = Info.plist; sourceTree = "<group>"; };
		C9834C801E2813B700F33E95 /* CodingChallengeTests.xctest */ = {isa = PBXFileReference; explicitFileType = wrapper.cfbundle; includeInIndex = 0; path = CodingChallengeTests.xctest; sourceTree = BUILT_PRODUCTS_DIR; };
		C9834C8B1E2813B800F33E95 /* CodingChallengeUITests.xctest */ = {isa = PBXFileReference; explicitFileType = wrapper.cfbundle; includeInIndex = 0; path = CodingChallengeUITests.xctest; sourceTree = BUILT_PRODUCTS_DIR; };
		C9834C9D1E2825CB00F33E95 /* CurrencyConversionSelectionModel.swift */ = {isa = PBXFileReference; fileEncoding = 4; lastKnownFileType = sourcecode.swift; path = CurrencyConversionSelectionModel.swift; sourceTree = "<group>"; };
		C98C19A41E2862F8005780B6 /* ConvertorViewController.swift */ = {isa = PBXFileReference; fileEncoding = 4; lastKnownFileType = sourcecode.swift; path = ConvertorViewController.swift; sourceTree = "<group>"; };
		DAF5628CE77B1426C79B409D /* Pods-CodingChallenge.release.xcconfig */ = {isa = PBXFileReference; includeInIndex = 1; lastKnownFileType = text.xcconfig; name = "Pods-CodingChallenge.release.xcconfig"; path = "Pods/Target Support Files/Pods-CodingChallenge/Pods-CodingChallenge.release.xcconfig"; sourceTree = "<group>"; };
/* End PBXFileReference section */

/* Begin PBXFrameworksBuildPhase section */
		C9834C691E2813B700F33E95 /* Frameworks */ = {
			isa = PBXFrameworksBuildPhase;
			buildActionMask = 2147483647;
			files = (
				B1416110C6101B835D3DC84A /* Pods_CodingChallenge.framework in Frameworks */,
			);
			runOnlyForDeploymentPostprocessing = 0;
		};
		C9834C7D1E2813B700F33E95 /* Frameworks */ = {
			isa = PBXFrameworksBuildPhase;
			buildActionMask = 2147483647;
			files = (
			);
			runOnlyForDeploymentPostprocessing = 0;
		};
		C9834C881E2813B800F33E95 /* Frameworks */ = {
			isa = PBXFrameworksBuildPhase;
			buildActionMask = 2147483647;
			files = (
			);
			runOnlyForDeploymentPostprocessing = 0;
		};
/* End PBXFrameworksBuildPhase section */

/* Begin PBXGroup section */
		885DDAFFFF7178631506E05D /* Pods */ = {
			isa = PBXGroup;
			children = (
				AE430618968018F6473F8B79 /* Pods-CodingChallenge.debug.xcconfig */,
				DAF5628CE77B1426C79B409D /* Pods-CodingChallenge.release.xcconfig */,
			);
			name = Pods;
			sourceTree = "<group>";
		};
		C9026AF91E28349A00EFF7C0 /* Base Currency Selection */ = {
			isa = PBXGroup;
			children = (
				C9834C711E2813B700F33E95 /* CurrencyConverterSelectionViewController.swift */,
				C9026B031E28517000EFF7C0 /* CurrencyConverterSelectionTableViewExtension.swift */,
				C9834C9D1E2825CB00F33E95 /* CurrencyConversionSelectionModel.swift */,
				C9026AFF1E284ADF00EFF7C0 /* ConversionCell.swift */,
				C9026B011E284AE800EFF7C0 /* SelectionCell.swift */,
			);
			name = "Base Currency Selection";
			sourceTree = "<group>";
		};
		C9026AFA1E2834BD00EFF7C0 /* Other */ = {
			isa = PBXGroup;
			children = (
				C9834C6F1E2813B700F33E95 /* AppDelegate.swift */,
				C9834C781E2813B700F33E95 /* LaunchScreen.storyboard */,
				C9834C7B1E2813B700F33E95 /* Info.plist */,
			);
			name = Other;
			sourceTree = "<group>";
		};
		C9026AFB1E2834CE00EFF7C0 /* Currency Conversion */ = {
			isa = PBXGroup;
			children = (
				C98C19A41E2862F8005780B6 /* ConvertorViewController.swift */,
				C919DF921E29525A003688BE /* ConvertorModel.swift */,
			);
			name = "Currency Conversion";
			sourceTree = "<group>";
		};
		C9026AFE1E2843C800EFF7C0 /* Helper */ = {
			isa = PBXGroup;
			children = (
				C9026AFC1E2843B300EFF7C0 /* NotificationHelper.swift */,
				C919DF901E29502C003688BE /* StringExtension.swift */,
			);
			name = Helper;
			sourceTree = "<group>";
		};
		C9834C631E2813B700F33E95 = {
			isa = PBXGroup;
			children = (
				C9834C6E1E2813B700F33E95 /* CodingChallenge */,
				C9834C6D1E2813B700F33E95 /* Products */,
				885DDAFFFF7178631506E05D /* Pods */,
				D1A43389415ED1AE17F70E94 /* Frameworks */,
			);
			sourceTree = "<group>";
		};
		C9834C6D1E2813B700F33E95 /* Products */ = {
			isa = PBXGroup;
			children = (
				C9834C6C1E2813B700F33E95 /* CodingChallenge.app */,
				C9834C801E2813B700F33E95 /* CodingChallengeTests.xctest */,
				C9834C8B1E2813B800F33E95 /* CodingChallengeUITests.xctest */,
			);
			name = Products;
			sourceTree = "<group>";
		};
		C9834C6E1E2813B700F33E95 /* CodingChallenge */ = {
			isa = PBXGroup;
			children = (
				C9834C731E2813B700F33E95 /* Main.storyboard */,
				C9026AF91E28349A00EFF7C0 /* Base Currency Selection */,
				C9026AFB1E2834CE00EFF7C0 /* Currency Conversion */,
				C9026AFE1E2843C800EFF7C0 /* Helper */,
				C9834C761E2813B700F33E95 /* Assets.xcassets */,
				C9026AFA1E2834BD00EFF7C0 /* Other */,
			);
			path = CodingChallenge;
			sourceTree = "<group>";
		};
		D1A43389415ED1AE17F70E94 /* Frameworks */ = {
			isa = PBXGroup;
			children = (
				2EC818F22323DE9D7F31283B /* Pods_CodingChallenge.framework */,
			);
			name = Frameworks;
			sourceTree = "<group>";
		};
/* End PBXGroup section */

/* Begin PBXNativeTarget section */
		C9834C6B1E2813B700F33E95 /* CodingChallenge */ = {
			isa = PBXNativeTarget;
			buildConfigurationList = C9834C941E2813B800F33E95 /* Build configuration list for PBXNativeTarget "CodingChallenge" */;
			buildPhases = (
				CB99DD4A7FE0B542E26E0520 /* [CP] Check Pods Manifest.lock */,
				C9834C681E2813B700F33E95 /* Sources */,
				C9834C691E2813B700F33E95 /* Frameworks */,
				C9834C6A1E2813B700F33E95 /* Resources */,
				27794DE9048EC179C6198711 /* [CP] Embed Pods Frameworks */,
				19E1C11969F6CE2CF9E2DD47 /* [CP] Copy Pods Resources */,
			);
			buildRules = (
			);
			dependencies = (
			);
			name = CodingChallenge;
			productName = CodingChallenge;
			productReference = C9834C6C1E2813B700F33E95 /* CodingChallenge.app */;
			productType = "com.apple.product-type.application";
		};
		C9834C7F1E2813B700F33E95 /* CodingChallengeTests */ = {
			isa = PBXNativeTarget;
			buildConfigurationList = C9834C971E2813B800F33E95 /* Build configuration list for PBXNativeTarget "CodingChallengeTests" */;
			buildPhases = (
				C9834C7C1E2813B700F33E95 /* Sources */,
				C9834C7D1E2813B700F33E95 /* Frameworks */,
				C9834C7E1E2813B700F33E95 /* Resources */,
			);
			buildRules = (
			);
			dependencies = (
				C9834C821E2813B700F33E95 /* PBXTargetDependency */,
			);
			name = CodingChallengeTests;
			productName = CodingChallengeTests;
			productReference = C9834C801E2813B700F33E95 /* CodingChallengeTests.xctest */;
			productType = "com.apple.product-type.bundle.unit-test";
		};
		C9834C8A1E2813B800F33E95 /* CodingChallengeUITests */ = {
			isa = PBXNativeTarget;
			buildConfigurationList = C9834C9A1E2813B800F33E95 /* Build configuration list for PBXNativeTarget "CodingChallengeUITests" */;
			buildPhases = (
				C9834C871E2813B800F33E95 /* Sources */,
				C9834C881E2813B800F33E95 /* Frameworks */,
				C9834C891E2813B800F33E95 /* Resources */,
			);
			buildRules = (
			);
			dependencies = (
				C9834C8D1E2813B800F33E95 /* PBXTargetDependency */,
			);
			name = CodingChallengeUITests;
			productName = CodingChallengeUITests;
			productReference = C9834C8B1E2813B800F33E95 /* CodingChallengeUITests.xctest */;
			productType = "com.apple.product-type.bundle.ui-testing";
		};
/* End PBXNativeTarget section */

/* Begin PBXProject section */
		C9834C641E2813B700F33E95 /* Project object */ = {
			isa = PBXProject;
			attributes = {
				LastSwiftUpdateCheck = 0820;
				LastUpgradeCheck = 0820;
				ORGANIZATIONNAME = "Matthew Pileggi";
				TargetAttributes = {
					C9834C6B1E2813B700F33E95 = {
						CreatedOnToolsVersion = 8.2.1;
						DevelopmentTeam = 7A4VPG8L6G;
						ProvisioningStyle = Automatic;
					};
					C9834C7F1E2813B700F33E95 = {
						CreatedOnToolsVersion = 8.2.1;
						DevelopmentTeam = 7A4VPG8L6G;
						ProvisioningStyle = Automatic;
						TestTargetID = C9834C6B1E2813B700F33E95;
					};
					C9834C8A1E2813B800F33E95 = {
						CreatedOnToolsVersion = 8.2.1;
						DevelopmentTeam = 7A4VPG8L6G;
						ProvisioningStyle = Automatic;
						TestTargetID = C9834C6B1E2813B700F33E95;
					};
				};
			};
			buildConfigurationList = C9834C671E2813B700F33E95 /* Build configuration list for PBXProject "CodingChallenge" */;
			compatibilityVersion = "Xcode 3.2";
			developmentRegion = English;
			hasScannedForEncodings = 0;
			knownRegions = (
				en,
				Base,
			);
			mainGroup = C9834C631E2813B700F33E95;
			productRefGroup = C9834C6D1E2813B700F33E95 /* Products */;
			projectDirPath = "";
			projectRoot = "";
			targets = (
				C9834C6B1E2813B700F33E95 /* CodingChallenge */,
				C9834C7F1E2813B700F33E95 /* CodingChallengeTests */,
				C9834C8A1E2813B800F33E95 /* CodingChallengeUITests */,
			);
		};
/* End PBXProject section */

/* Begin PBXResourcesBuildPhase section */
		C9834C6A1E2813B700F33E95 /* Resources */ = {
			isa = PBXResourcesBuildPhase;
			buildActionMask = 2147483647;
			files = (
				C9834C7A1E2813B700F33E95 /* LaunchScreen.storyboard in Resources */,
				C9834C771E2813B700F33E95 /* Assets.xcassets in Resources */,
				C9834C751E2813B700F33E95 /* Main.storyboard in Resources */,
			);
			runOnlyForDeploymentPostprocessing = 0;
		};
		C9834C7E1E2813B700F33E95 /* Resources */ = {
			isa = PBXResourcesBuildPhase;
			buildActionMask = 2147483647;
			files = (
			);
			runOnlyForDeploymentPostprocessing = 0;
		};
		C9834C891E2813B800F33E95 /* Resources */ = {
			isa = PBXResourcesBuildPhase;
			buildActionMask = 2147483647;
			files = (
			);
			runOnlyForDeploymentPostprocessing = 0;
		};
/* End PBXResourcesBuildPhase section */

/* Begin PBXShellScriptBuildPhase section */
		19E1C11969F6CE2CF9E2DD47 /* [CP] Copy Pods Resources */ = {
			isa = PBXShellScriptBuildPhase;
			buildActionMask = 2147483647;
			files = (
			);
			inputPaths = (
			);
			name = "[CP] Copy Pods Resources";
			outputPaths = (
			);
			runOnlyForDeploymentPostprocessing = 0;
			shellPath = /bin/sh;
			shellScript = "\"${SRCROOT}/Pods/Target Support Files/Pods-CodingChallenge/Pods-CodingChallenge-resources.sh\"\n";
			showEnvVarsInLog = 0;
		};
		27794DE9048EC179C6198711 /* [CP] Embed Pods Frameworks */ = {
			isa = PBXShellScriptBuildPhase;
			buildActionMask = 2147483647;
			files = (
			);
			inputPaths = (
			);
			name = "[CP] Embed Pods Frameworks";
			outputPaths = (
			);
			runOnlyForDeploymentPostprocessing = 0;
			shellPath = /bin/sh;
			shellScript = "\"${SRCROOT}/Pods/Target Support Files/Pods-CodingChallenge/Pods-CodingChallenge-frameworks.sh\"\n";
			showEnvVarsInLog = 0;
		};
		CB99DD4A7FE0B542E26E0520 /* [CP] Check Pods Manifest.lock */ = {
			isa = PBXShellScriptBuildPhase;
			buildActionMask = 2147483647;
			files = (
			);
			inputPaths = (
			);
			name = "[CP] Check Pods Manifest.lock";
			outputPaths = (
			);
			runOnlyForDeploymentPostprocessing = 0;
			shellPath = /bin/sh;
			shellScript = "diff \"${PODS_ROOT}/../Podfile.lock\" \"${PODS_ROOT}/Manifest.lock\" > /dev/null\nif [ $? != 0 ] ; then\n    # print error to STDERR\n    echo \"error: The sandbox is not in sync with the Podfile.lock. Run 'pod install' or update your CocoaPods installation.\" >&2\n    exit 1\nfi\n";
			showEnvVarsInLog = 0;
		};
/* End PBXShellScriptBuildPhase section */

/* Begin PBXSourcesBuildPhase section */
		C9834C681E2813B700F33E95 /* Sources */ = {
			isa = PBXSourcesBuildPhase;
			buildActionMask = 2147483647;
			files = (
				C919DF931E29525A003688BE /* ConvertorModel.swift in Sources */,
				C9834C721E2813B700F33E95 /* CurrencyConverterSelectionViewController.swift in Sources */,
				C98C19A51E2862F8005780B6 /* ConvertorViewController.swift in Sources */,
				C9834C701E2813B700F33E95 /* AppDelegate.swift in Sources */,
				C9026B021E284AE800EFF7C0 /* SelectionCell.swift in Sources */,
				C9026AFD1E2843B300EFF7C0 /* NotificationHelper.swift in Sources */,
				C919DF911E29502C003688BE /* StringExtension.swift in Sources */,
				C9834C9E1E2825CB00F33E95 /* CurrencyConversionSelectionModel.swift in Sources */,
				C9026B041E28517000EFF7C0 /* CurrencyConverterSelectionTableViewExtension.swift in Sources */,
				C9026B001E284ADF00EFF7C0 /* ConversionCell.swift in Sources */,
			);
			runOnlyForDeploymentPostprocessing = 0;
		};
		C9834C7C1E2813B700F33E95 /* Sources */ = {
			isa = PBXSourcesBuildPhase;
			buildActionMask = 2147483647;
			files = (
			);
			runOnlyForDeploymentPostprocessing = 0;
		};
		C9834C871E2813B800F33E95 /* Sources */ = {
			isa = PBXSourcesBuildPhase;
			buildActionMask = 2147483647;
			files = (
			);
			runOnlyForDeploymentPostprocessing = 0;
		};
/* End PBXSourcesBuildPhase section */

/* Begin PBXTargetDependency section */
		C9834C821E2813B700F33E95 /* PBXTargetDependency */ = {
			isa = PBXTargetDependency;
			target = C9834C6B1E2813B700F33E95 /* CodingChallenge */;
			targetProxy = C9834C811E2813B700F33E95 /* PBXContainerItemProxy */;
		};
		C9834C8D1E2813B800F33E95 /* PBXTargetDependency */ = {
			isa = PBXTargetDependency;
			target = C9834C6B1E2813B700F33E95 /* CodingChallenge */;
			targetProxy = C9834C8C1E2813B800F33E95 /* PBXContainerItemProxy */;
		};
/* End PBXTargetDependency section */

/* Begin PBXVariantGroup section */
		C9834C731E2813B700F33E95 /* Main.storyboard */ = {
			isa = PBXVariantGroup;
			children = (
				C9834C741E2813B700F33E95 /* Base */,
			);
			name = Main.storyboard;
			sourceTree = "<group>";
		};
		C9834C781E2813B700F33E95 /* LaunchScreen.storyboard */ = {
			isa = PBXVariantGroup;
			children = (
				C9834C791E2813B700F33E95 /* Base */,
			);
			name = LaunchScreen.storyboard;
			sourceTree = "<group>";
		};
/* End PBXVariantGroup section */

/* Begin XCBuildConfiguration section */
		C9834C921E2813B800F33E95 /* Debug */ = {
			isa = XCBuildConfiguration;
			buildSettings = {
				ALWAYS_SEARCH_USER_PATHS = NO;
				CLANG_ANALYZER_NONNULL = YES;
				CLANG_CXX_LANGUAGE_STANDARD = "gnu++0x";
				CLANG_CXX_LIBRARY = "libc++";
				CLANG_ENABLE_MODULES = YES;
				CLANG_ENABLE_OBJC_ARC = YES;
				CLANG_WARN_BOOL_CONVERSION = YES;
				CLANG_WARN_CONSTANT_CONVERSION = YES;
				CLANG_WARN_DIRECT_OBJC_ISA_USAGE = YES_ERROR;
				CLANG_WARN_DOCUMENTATION_COMMENTS = YES;
				CLANG_WARN_EMPTY_BODY = YES;
				CLANG_WARN_ENUM_CONVERSION = YES;
				CLANG_WARN_INFINITE_RECURSION = YES;
				CLANG_WARN_INT_CONVERSION = YES;
				CLANG_WARN_OBJC_ROOT_CLASS = YES_ERROR;
				CLANG_WARN_SUSPICIOUS_MOVE = YES;
				CLANG_WARN_UNREACHABLE_CODE = YES;
				CLANG_WARN__DUPLICATE_METHOD_MATCH = YES;
				"CODE_SIGN_IDENTITY[sdk=iphoneos*]" = "iPhone Developer";
				COPY_PHASE_STRIP = NO;
				DEBUG_INFORMATION_FORMAT = dwarf;
				ENABLE_STRICT_OBJC_MSGSEND = YES;
				ENABLE_TESTABILITY = YES;
				GCC_C_LANGUAGE_STANDARD = gnu99;
				GCC_DYNAMIC_NO_PIC = NO;
				GCC_NO_COMMON_BLOCKS = YES;
				GCC_OPTIMIZATION_LEVEL = 0;
				GCC_PREPROCESSOR_DEFINITIONS = (
					"DEBUG=1",
					"$(inherited)",
				);
				GCC_WARN_64_TO_32_BIT_CONVERSION = YES;
				GCC_WARN_ABOUT_RETURN_TYPE = YES_ERROR;
				GCC_WARN_UNDECLARED_SELECTOR = YES;
				GCC_WARN_UNINITIALIZED_AUTOS = YES_AGGRESSIVE;
				GCC_WARN_UNUSED_FUNCTION = YES;
				GCC_WARN_UNUSED_VARIABLE = YES;
				IPHONEOS_DEPLOYMENT_TARGET = 10.2;
				MTL_ENABLE_DEBUG_INFO = YES;
				ONLY_ACTIVE_ARCH = YES;
				SDKROOT = iphoneos;
				SWIFT_ACTIVE_COMPILATION_CONDITIONS = DEBUG;
				SWIFT_OPTIMIZATION_LEVEL = "-Onone";
				TARGETED_DEVICE_FAMILY = "1,2";
			};
			name = Debug;
		};
		C9834C931E2813B800F33E95 /* Release */ = {
			isa = XCBuildConfiguration;
			buildSettings = {
				ALWAYS_SEARCH_USER_PATHS = NO;
				CLANG_ANALYZER_NONNULL = YES;
				CLANG_CXX_LANGUAGE_STANDARD = "gnu++0x";
				CLANG_CXX_LIBRARY = "libc++";
				CLANG_ENABLE_MODULES = YES;
				CLANG_ENABLE_OBJC_ARC = YES;
				CLANG_WARN_BOOL_CONVERSION = YES;
				CLANG_WARN_CONSTANT_CONVERSION = YES;
				CLANG_WARN_DIRECT_OBJC_ISA_USAGE = YES_ERROR;
				CLANG_WARN_DOCUMENTATION_COMMENTS = YES;
				CLANG_WARN_EMPTY_BODY = YES;
				CLANG_WARN_ENUM_CONVERSION = YES;
				CLANG_WARN_INFINITE_RECURSION = YES;
				CLANG_WARN_INT_CONVERSION = YES;
				CLANG_WARN_OBJC_ROOT_CLASS = YES_ERROR;
				CLANG_WARN_SUSPICIOUS_MOVE = YES;
				CLANG_WARN_UNREACHABLE_CODE = YES;
				CLANG_WARN__DUPLICATE_METHOD_MATCH = YES;
				"CODE_SIGN_IDENTITY[sdk=iphoneos*]" = "iPhone Developer";
				COPY_PHASE_STRIP = NO;
				DEBUG_INFORMATION_FORMAT = "dwarf-with-dsym";
				ENABLE_NS_ASSERTIONS = NO;
				ENABLE_STRICT_OBJC_MSGSEND = YES;
				GCC_C_LANGUAGE_STANDARD = gnu99;
				GCC_NO_COMMON_BLOCKS = YES;
				GCC_WARN_64_TO_32_BIT_CONVERSION = YES;
				GCC_WARN_ABOUT_RETURN_TYPE = YES_ERROR;
				GCC_WARN_UNDECLARED_SELECTOR = YES;
				GCC_WARN_UNINITIALIZED_AUTOS = YES_AGGRESSIVE;
				GCC_WARN_UNUSED_FUNCTION = YES;
				GCC_WARN_UNUSED_VARIABLE = YES;
				IPHONEOS_DEPLOYMENT_TARGET = 10.2;
				MTL_ENABLE_DEBUG_INFO = NO;
				SDKROOT = iphoneos;
				SWIFT_OPTIMIZATION_LEVEL = "-Owholemodule";
				TARGETED_DEVICE_FAMILY = "1,2";
				VALIDATE_PRODUCT = YES;
			};
			name = Release;
		};
		C9834C951E2813B800F33E95 /* Debug */ = {
			isa = XCBuildConfiguration;
			baseConfigurationReference = AE430618968018F6473F8B79 /* Pods-CodingChallenge.debug.xcconfig */;
			buildSettings = {
				ASSETCATALOG_COMPILER_APPICON_NAME = AppIcon;
				DEVELOPMENT_TEAM = 7A4VPG8L6G;
				INFOPLIST_FILE = CodingChallenge/Info.plist;
				LD_RUNPATH_SEARCH_PATHS = "$(inherited) @executable_path/Frameworks";
				PRODUCT_BUNDLE_IDENTIFIER = com.mvp.CodingChallenge;
				PRODUCT_NAME = "$(TARGET_NAME)";
				SWIFT_VERSION = 3.0;
			};
			name = Debug;
		};
		C9834C961E2813B800F33E95 /* Release */ = {
			isa = XCBuildConfiguration;
			baseConfigurationReference = DAF5628CE77B1426C79B409D /* Pods-CodingChallenge.release.xcconfig */;
			buildSettings = {
				ASSETCATALOG_COMPILER_APPICON_NAME = AppIcon;
				DEVELOPMENT_TEAM = 7A4VPG8L6G;
				INFOPLIST_FILE = CodingChallenge/Info.plist;
				LD_RUNPATH_SEARCH_PATHS = "$(inherited) @executable_path/Frameworks";
				PRODUCT_BUNDLE_IDENTIFIER = com.mvp.CodingChallenge;
				PRODUCT_NAME = "$(TARGET_NAME)";
				SWIFT_VERSION = 3.0;
			};
			name = Release;
		};
		C9834C981E2813B800F33E95 /* Debug */ = {
			isa = XCBuildConfiguration;
			buildSettings = {
				ALWAYS_EMBED_SWIFT_STANDARD_LIBRARIES = YES;
				BUNDLE_LOADER = "$(TEST_HOST)";
				DEVELOPMENT_TEAM = 7A4VPG8L6G;
				INFOPLIST_FILE = CodingChallengeTests/Info.plist;
				LD_RUNPATH_SEARCH_PATHS = "$(inherited) @executable_path/Frameworks @loader_path/Frameworks";
				PRODUCT_BUNDLE_IDENTIFIER = com.mvp.CodingChallengeTests;
				PRODUCT_NAME = "$(TARGET_NAME)";
				SWIFT_VERSION = 3.0;
				TEST_HOST = "$(BUILT_PRODUCTS_DIR)/CodingChallenge.app/CodingChallenge";
			};
			name = Debug;
		};
		C9834C991E2813B800F33E95 /* Release */ = {
			isa = XCBuildConfiguration;
			buildSettings = {
				ALWAYS_EMBED_SWIFT_STANDARD_LIBRARIES = YES;
				BUNDLE_LOADER = "$(TEST_HOST)";
				DEVELOPMENT_TEAM = 7A4VPG8L6G;
				INFOPLIST_FILE = CodingChallengeTests/Info.plist;
				LD_RUNPATH_SEARCH_PATHS = "$(inherited) @executable_path/Frameworks @loader_path/Frameworks";
				PRODUCT_BUNDLE_IDENTIFIER = com.mvp.CodingChallengeTests;
				PRODUCT_NAME = "$(TARGET_NAME)";
				SWIFT_VERSION = 3.0;
				TEST_HOST = "$(BUILT_PRODUCTS_DIR)/CodingChallenge.app/CodingChallenge";
			};
			name = Release;
		};
		C9834C9B1E2813B800F33E95 /* Debug */ = {
			isa = XCBuildConfiguration;
			buildSettings = {
				ALWAYS_EMBED_SWIFT_STANDARD_LIBRARIES = YES;
				DEVELOPMENT_TEAM = 7A4VPG8L6G;
				INFOPLIST_FILE = CodingChallengeUITests/Info.plist;
				LD_RUNPATH_SEARCH_PATHS = "$(inherited) @executable_path/Frameworks @loader_path/Frameworks";
				PRODUCT_BUNDLE_IDENTIFIER = com.mvp.CodingChallengeUITests;
				PRODUCT_NAME = "$(TARGET_NAME)";
				SWIFT_VERSION = 3.0;
				TEST_TARGET_NAME = CodingChallenge;
			};
			name = Debug;
		};
		C9834C9C1E2813B800F33E95 /* Release */ = {
			isa = XCBuildConfiguration;
			buildSettings = {
				ALWAYS_EMBED_SWIFT_STANDARD_LIBRARIES = YES;
				DEVELOPMENT_TEAM = 7A4VPG8L6G;
				INFOPLIST_FILE = CodingChallengeUITests/Info.plist;
				LD_RUNPATH_SEARCH_PATHS = "$(inherited) @executable_path/Frameworks @loader_path/Frameworks";
				PRODUCT_BUNDLE_IDENTIFIER = com.mvp.CodingChallengeUITests;
				PRODUCT_NAME = "$(TARGET_NAME)";
				SWIFT_VERSION = 3.0;
				TEST_TARGET_NAME = CodingChallenge;
			};
			name = Release;
		};
/* End XCBuildConfiguration section */

/* Begin XCConfigurationList section */
		C9834C671E2813B700F33E95 /* Build configuration list for PBXProject "CodingChallenge" */ = {
			isa = XCConfigurationList;
			buildConfigurations = (
				C9834C921E2813B800F33E95 /* Debug */,
				C9834C931E2813B800F33E95 /* Release */,
			);
			defaultConfigurationIsVisible = 0;
			defaultConfigurationName = Release;
		};
		C9834C941E2813B800F33E95 /* Build configuration list for PBXNativeTarget "CodingChallenge" */ = {
			isa = XCConfigurationList;
			buildConfigurations = (
				C9834C951E2813B800F33E95 /* Debug */,
				C9834C961E2813B800F33E95 /* Release */,
			);
			defaultConfigurationIsVisible = 0;
			defaultConfigurationName = Release;
		};
		C9834C971E2813B800F33E95 /* Build configuration list for PBXNativeTarget "CodingChallengeTests" */ = {
			isa = XCConfigurationList;
			buildConfigurations = (
				C9834C981E2813B800F33E95 /* Debug */,
				C9834C991E2813B800F33E95 /* Release */,
			);
			defaultConfigurationIsVisible = 0;
			defaultConfigurationName = Release;
		};
		C9834C9A1E2813B800F33E95 /* Build configuration list for PBXNativeTarget "CodingChallengeUITests" */ = {
			isa = XCConfigurationList;
			buildConfigurations = (
				C9834C9B1E2813B800F33E95 /* Debug */,
				C9834C9C1E2813B800F33E95 /* Release */,
			);
			defaultConfigurationIsVisible = 0;
			defaultConfigurationName = Release;
		};
/* End XCConfigurationList section */
	};
	rootObject = C9834C641E2813B700F33E95 /* Project object */;
}
